
Microsoft Visual Studio Solution File, Format Version 12.00
# Visual Studio 14
VisualStudioVersion = 14.0.25420.1
MinimumVisualStudioVersion = 10.0.40219.1
Project("{8BC9CEB8-8B4A-11D0-8D11-00A0C91BC942}") = "aCmmLib", "aCmmLib\aCmmLib.vcxproj", "{1D7897B7-0110-4C88-8AF8-139B86FF685A}"
EndProject
Project("{8BC9CEB8-8B4A-11D0-8D11-00A0C91BC942}") = "testinstall", "testinstall\testinstall.vcxproj", "{E3217996-B777-40B7-83E5-97518D78E6E7}"
EndProject
Project("{8BC9CEB8-8B4A-11D0-8D11-00A0C91BC942}") = "Public", "Public\Public.vcxproj", "{C0BD862C-5F17-4348-8499-37F81B453CCF}"
EndProject
Project("{8BC9CEB8-8B4A-11D0-8D11-00A0C91BC942}") = "InspectDLL", "InspectDLL\InspectDLL.vcxproj", "{D27146D9-7148-4C0D-A659-857744D8BC83}"
EndProject
Project("{8BC9CEB8-8B4A-11D0-8D11-00A0C91BC942}") = "InjectExe", "InjectExe\InjectExe.vcxproj", "{C7D00516-76AB-4063-BE61-A15751EC4E77}"
EndProject
Project("{8BC9CEB8-8B4A-11D0-8D11-00A0C91BC942}") = "win32dll", "win32dll\win32dll.vcxproj", "{F2084D3C-D6E9-44CA-9A3F-AF10A5689B77}"
EndProject
Project("{8BC9CEB8-8B4A-11D0-8D11-00A0C91BC942}") = "testwin32dll", "testwin32dll\testwin32dll.vcxproj", "{CDE01055-B51A-4001-99DB-5FDC339BDB6B}"
EndProject
Project("{8BC9CEB8-8B4A-11D0-8D11-00A0C91BC942}") = "judgeOS64", "judgeOS64\judgeOS64.vcxproj", "{5FA91E43-BE65-4A8E-90B1-F04B013B0DE2}"
EndProject
Global
	GlobalSection(SolutionConfigurationPlatforms) = preSolution
		Debug|Win32 = Debug|Win32
		Debug|x64 = Debug|x64
		Release|Win32 = Release|Win32
		Release|x64 = Release|x64
	EndGlobalSection
	GlobalSection(ProjectConfigurationPlatforms) = postSolution
		{1D7897B7-0110-4C88-8AF8-139B86FF685A}.Debug|Win32.ActiveCfg = Debug|Win32
		{1D7897B7-0110-4C88-8AF8-139B86FF685A}.Debug|Win32.Build.0 = Debug|Win32
		{1D7897B7-0110-4C88-8AF8-139B86FF685A}.Debug|x64.ActiveCfg = Debug|Win32
		{1D7897B7-0110-4C88-8AF8-139B86FF685A}.Release|Win32.ActiveCfg = Release|Win32
		{1D7897B7-0110-4C88-8AF8-139B86FF685A}.Release|Win32.Build.0 = Release|Win32
		{1D7897B7-0110-4C88-8AF8-139B86FF685A}.Release|x64.ActiveCfg = Release|Win32
		{E3217996-B777-40B7-83E5-97518D78E6E7}.Debug|Win32.ActiveCfg = Debug|Win32
		{E3217996-B777-40B7-83E5-97518D78E6E7}.Debug|Win32.Build.0 = Debug|Win32
		{E3217996-B777-40B7-83E5-97518D78E6E7}.Debug|x64.ActiveCfg = Debug|x64
		{E3217996-B777-40B7-83E5-97518D78E6E7}.Debug|x64.Build.0 = Debug|x64
		{E3217996-B777-40B7-83E5-97518D78E6E7}.Release|Win32.ActiveCfg = Release|Win32
		{E3217996-B777-40B7-83E5-97518D78E6E7}.Release|Win32.Build.0 = Release|Win32
		{E3217996-B777-40B7-83E5-97518D78E6E7}.Release|x64.ActiveCfg = Release|x64
		{E3217996-B777-40B7-83E5-97518D78E6E7}.Release|x64.Build.0 = Release|x64
		{C0BD862C-5F17-4348-8499-37F81B453CCF}.Debug|Win32.ActiveCfg = Debug|Win32
		{C0BD862C-5F17-4348-8499-37F81B453CCF}.Debug|Win32.Build.0 = Debug|Win32
		{C0BD862C-5F17-4348-8499-37F81B453CCF}.Debug|x64.ActiveCfg = Debug|x64
		{C0BD862C-5F17-4348-8499-37F81B453CCF}.Debug|x64.Build.0 = Debug|x64
		{C0BD862C-5F17-4348-8499-37F81B453CCF}.Release|Win32.ActiveCfg = Release|Win32
		{C0BD862C-5F17-4348-8499-37F81B453CCF}.Release|Win32.Build.0 = Release|Win32
		{C0BD862C-5F17-4348-8499-37F81B453CCF}.Release|x64.ActiveCfg = Release|x64
		{C0BD862C-5F17-4348-8499-37F81B453CCF}.Release|x64.Build.0 = Release|x64
		{D27146D9-7148-4C0D-A659-857744D8BC83}.Debug|Win32.ActiveCfg = Release|x64
		{D27146D9-7148-4C0D-A659-857744D8BC83}.Debug|Win32.Build.0 = Release|x64
		{D27146D9-7148-4C0D-A659-857744D8BC83}.Debug|x64.ActiveCfg = Release|x64
		{D27146D9-7148-4C0D-A659-857744D8BC83}.Debug|x64.Build.0 = Release|x64
		{D27146D9-7148-4C0D-A659-857744D8BC83}.Release|Win32.ActiveCfg = Release|Win32
		{D27146D9-7148-4C0D-A659-857744D8BC83}.Release|Win32.Build.0 = Release|Win32
		{D27146D9-7148-4C0D-A659-857744D8BC83}.Release|x64.ActiveCfg = Release|Win32
		{D27146D9-7148-4C0D-A659-857744D8BC83}.Release|x64.Build.0 = Release|Win32
		{C7D00516-76AB-4063-BE61-A15751EC4E77}.Debug|Win32.ActiveCfg = Debug|x64
		{C7D00516-76AB-4063-BE61-A15751EC4E77}.Debug|x64.ActiveCfg = Debug|x64
		{C7D00516-76AB-4063-BE61-A15751EC4E77}.Debug|x64.Build.0 = Debug|x64
		{C7D00516-76AB-4063-BE61-A15751EC4E77}.Release|Win32.ActiveCfg = Release|Win32
		{C7D00516-76AB-4063-BE61-A15751EC4E77}.Release|Win32.Build.0 = Release|Win32
		{C7D00516-76AB-4063-BE61-A15751EC4E77}.Release|x64.ActiveCfg = Release|x64
		{C7D00516-76AB-4063-BE61-A15751EC4E77}.Release|x64.Build.0 = Release|x64
		{F2084D3C-D6E9-44CA-9A3F-AF10A5689B77}.Debug|Win32.ActiveCfg = Debug|Win32
		{F2084D3C-D6E9-44CA-9A3F-AF10A5689B77}.Debug|Win32.Build.0 = Debug|Win32
		{F2084D3C-D6E9-44CA-9A3F-AF10A5689B77}.Debug|x64.ActiveCfg = Debug|x64
		{F2084D3C-D6E9-44CA-9A3F-AF10A5689B77}.Debug|x64.Build.0 = Debug|x64
		{F2084D3C-D6E9-44CA-9A3F-AF10A5689B77}.Release|Win32.ActiveCfg = Release|Win32
		{F2084D3C-D6E9-44CA-9A3F-AF10A5689B77}.Release|Win32.Build.0 = Release|Win32
		{F2084D3C-D6E9-44CA-9A3F-AF10A5689B77}.Release|x64.ActiveCfg = Release|x64
		{F2084D3C-D6E9-44CA-9A3F-AF10A5689B77}.Release|x64.Build.0 = Release|x64
		{CDE01055-B51A-4001-99DB-5FDC339BDB6B}.Debug|Win32.ActiveCfg = Debug|Win32
		{CDE01055-B51A-4001-99DB-5FDC339BDB6B}.Debug|Win32.Build.0 = Debug|Win32
		{CDE01055-B51A-4001-99DB-5FDC339BDB6B}.Debug|x64.ActiveCfg = Debug|x64
		{CDE01055-B51A-4001-99DB-5FDC339BDB6B}.Debug|x64.Build.0 = Debug|x64
		{CDE01055-B51A-4001-99DB-5FDC339BDB6B}.Release|Win32.ActiveCfg = Release|Win32
		{CDE01055-B51A-4001-99DB-5FDC339BDB6B}.Release|Win32.Build.0 = Release|Win32
		{CDE01055-B51A-4001-99DB-5FDC339BDB6B}.Release|x64.ActiveCfg = Release|x64
		{CDE01055-B51A-4001-99DB-5FDC339BDB6B}.Release|x64.Build.0 = Release|x64
		{5FA91E43-BE65-4A8E-90B1-F04B013B0DE2}.Debug|Win32.ActiveCfg = Debug|Win32
		{5FA91E43-BE65-4A8E-90B1-F04B013B0DE2}.Debug|Win32.Build.0 = Debug|Win32
		{5FA91E43-BE65-4A8E-90B1-F04B013B0DE2}.Debug|x64.ActiveCfg = Debug|x64
		{5FA91E43-BE65-4A8E-90B1-F04B013B0DE2}.Debug|x64.Build.0 = Debug|x64
		{5FA91E43-BE65-4A8E-90B1-F04B013B0DE2}.Release|Win32.ActiveCfg = Release|Win32
		{5FA91E43-BE65-4A8E-90B1-F04B013B0DE2}.Release|Win32.Build.0 = Release|Win32
		{5FA91E43-BE65-4A8E-90B1-F04B013B0DE2}.Release|x64.ActiveCfg = Release|x64
		{5FA91E43-BE65-4A8E-90B1-F04B013B0DE2}.Release|x64.Build.0 = Release|x64
	EndGlobalSection
	GlobalSection(SolutionProperties) = preSolution
		HideSolutionNode = FALSE
	EndGlobalSection
EndGlobal
