
Microsoft Visual Studio Solution File, Format Version 12.00
# Visual Studio 14
VisualStudioVersion = 14.0.25420.1
MinimumVisualStudioVersion = 10.0.40219.1
Project("{8BC9CEB8-8B4A-11D0-8D11-00A0C91BC942}") = "aCmmLib", "aCmmLib\aCmmLib.vcxproj", "{1D7897B7-0110-4C88-8AF8-139B86FF685A}"
EndProject
Project("{8BC9CEB8-8B4A-11D0-8D11-00A0C91BC942}") = "testinstall", "testinstall\testinstall.vcxproj", "{E3217996-B777-40B7-83E5-97518D78E6E7}"
EndProject
Project("{8BC9CEB8-8B4A-11D0-8D11-00A0C91BC942}") = "Public", "Public\Public.vcxproj", "{C0BD862C-5F17-4348-8499-37F81B453CCF}"
EndProject
Project("{8BC9CEB8-8B4A-11D0-8D11-00A0C91BC942}") = "InspectDLL", "InspectDLL\InspectDLL.vcxproj", "{D27146D9-7148-4C0D-A659-857744D8BC83}"
EndProject
Project("{8BC9CEB8-8B4A-11D0-8D11-00A0C91BC942}") = "InjectExe", "InjectExe\InjectExe.vcxproj", "{C7D00516-76AB-4063-BE61-A15751EC4E77}"
EndProject
Project("{8BC9CEB8-8B4A-11D0-8D11-00A0C91BC942}") = "win32dll", "win32dll\win32dll.vcxproj", "{F2084D3C-D6E9-44CA-9A3F-AF10A5689B77}"
EndProject
Project("{8BC9CEB8-8B4A-11D0-8D11-00A0C91BC942}") = "testwin32dll", "testwin32dll\testwin32dll.vcxproj", "{CDE01055-B51A-4001-99DB-5FDC339BDB6B}"
EndProject
Project("{8BC9CEB8-8B4A-11D0-8D11-00A0C91BC942}") = "judgeOS64", "judgeOS64\judgeOS64.vcxproj", "{5FA91E43-BE65-4A8E-90B1-F04B013B0DE2}"
EndProject
Project("{8BC9CEB8-8B4A-11D0-8D11-00A0C91BC942}") = "runproasadmin", "runproasadmin\runproasadmin.vcxproj", "{F69B6B80-D1B9-40A6-9D65-95AB7D7ECF0E}"
EndProject
Project("{8BC9CEB8-8B4A-11D0-8D11-00A0C91BC942}") = "testpro", "testpro\testpro.vcxproj", "{58C5021C-5B4C-4AA1-8039-FB4B88EF37A2}"
EndProject
Project("{8BC9CEB8-8B4A-11D0-8D11-00A0C91BC942}") = "HostTest", "HostTest\HostTest.vcxproj", "{874FE82C-C56B-4F84-BD64-CD685D5FB000}"
EndProject
Project("{8BC9CEB8-8B4A-11D0-8D11-00A0C91BC942}") = "CmmLib", "CmmLib\CmmLib.vcxproj", "{F06B27A4-32DC-44F7-A909-D45A1127ACF5}"
EndProject
Project("{FAE04EC0-301F-11D3-BF4B-00C04F79EFBC}") = "TestCom", "TestCom\TestCom.csproj", "{5FB6BE46-B620-4EA1-917E-B61929A9E9E5}"
EndProject
Project("{8BC9CEB8-8B4A-11D0-8D11-00A0C91BC942}") = "adobeCom2", "adobeCom2\adobeCom2.vcxproj", "{E9060235-9491-486D-8A29-BC4364F487C5}"
EndProject
Project("{8BC9CEB8-8B4A-11D0-8D11-00A0C91BC942}") = "QtTest", "QtTest\QtTest.vcxproj", "{B12702AD-ABFB-343A-A199-8E24837244A3}"
EndProject
Project("{8BC9CEB8-8B4A-11D0-8D11-00A0C91BC942}") = "ReplaceStr", "ReplaceStr\ReplaceStr.vcxproj", "{CDFD1924-1931-4450-90F8-72A5694440A4}"
EndProject
Global
	GlobalSection(SolutionConfigurationPlatforms) = preSolution
		Debug|Any CPU = Debug|Any CPU
		Debug|Win32 = Debug|Win32
		Debug|x64 = Debug|x64
		Release|Any CPU = Release|Any CPU
		Release|Win32 = Release|Win32
		Release|x64 = Release|x64
	EndGlobalSection
	GlobalSection(ProjectConfigurationPlatforms) = postSolution
		{1D7897B7-0110-4C88-8AF8-139B86FF685A}.Debug|Any CPU.ActiveCfg = Debug|Win32
		{1D7897B7-0110-4C88-8AF8-139B86FF685A}.Debug|Win32.ActiveCfg = Debug|Win32
		{1D7897B7-0110-4C88-8AF8-139B86FF685A}.Debug|Win32.Build.0 = Debug|Win32
		{1D7897B7-0110-4C88-8AF8-139B86FF685A}.Debug|x64.ActiveCfg = Debug|Win32
		{1D7897B7-0110-4C88-8AF8-139B86FF685A}.Release|Any CPU.ActiveCfg = Release|Win32
		{1D7897B7-0110-4C88-8AF8-139B86FF685A}.Release|Win32.ActiveCfg = Release|Win32
		{1D7897B7-0110-4C88-8AF8-139B86FF685A}.Release|Win32.Build.0 = Release|Win32
		{1D7897B7-0110-4C88-8AF8-139B86FF685A}.Release|x64.ActiveCfg = Release|Win32
		{E3217996-B777-40B7-83E5-97518D78E6E7}.Debug|Any CPU.ActiveCfg = Debug|Win32
		{E3217996-B777-40B7-83E5-97518D78E6E7}.Debug|Win32.ActiveCfg = Debug|Win32
		{E3217996-B777-40B7-83E5-97518D78E6E7}.Debug|Win32.Build.0 = Debug|Win32
		{E3217996-B777-40B7-83E5-97518D78E6E7}.Debug|x64.ActiveCfg = Debug|x64
		{E3217996-B777-40B7-83E5-97518D78E6E7}.Debug|x64.Build.0 = Debug|x64
		{E3217996-B777-40B7-83E5-97518D78E6E7}.Release|Any CPU.ActiveCfg = Release|Win32
		{E3217996-B777-40B7-83E5-97518D78E6E7}.Release|Win32.ActiveCfg = Release|Win32
		{E3217996-B777-40B7-83E5-97518D78E6E7}.Release|Win32.Build.0 = Release|Win32
		{E3217996-B777-40B7-83E5-97518D78E6E7}.Release|x64.ActiveCfg = Release|x64
		{E3217996-B777-40B7-83E5-97518D78E6E7}.Release|x64.Build.0 = Release|x64
		{C0BD862C-5F17-4348-8499-37F81B453CCF}.Debug|Any CPU.ActiveCfg = Debug|Win32
		{C0BD862C-5F17-4348-8499-37F81B453CCF}.Debug|Win32.ActiveCfg = Debug|Win32
		{C0BD862C-5F17-4348-8499-37F81B453CCF}.Debug|Win32.Build.0 = Debug|Win32
		{C0BD862C-5F17-4348-8499-37F81B453CCF}.Debug|x64.ActiveCfg = Debug|x64
		{C0BD862C-5F17-4348-8499-37F81B453CCF}.Debug|x64.Build.0 = Debug|x64
		{C0BD862C-5F17-4348-8499-37F81B453CCF}.Release|Any CPU.ActiveCfg = Release|Win32
		{C0BD862C-5F17-4348-8499-37F81B453CCF}.Release|Win32.ActiveCfg = Release|Win32
		{C0BD862C-5F17-4348-8499-37F81B453CCF}.Release|Win32.Build.0 = Release|Win32
		{C0BD862C-5F17-4348-8499-37F81B453CCF}.Release|x64.ActiveCfg = Release|x64
		{C0BD862C-5F17-4348-8499-37F81B453CCF}.Release|x64.Build.0 = Release|x64
		{D27146D9-7148-4C0D-A659-857744D8BC83}.Debug|Any CPU.ActiveCfg = Release|Win32
		{D27146D9-7148-4C0D-A659-857744D8BC83}.Debug|Any CPU.Build.0 = Release|Win32
		{D27146D9-7148-4C0D-A659-857744D8BC83}.Debug|Win32.ActiveCfg = Release|x64
		{D27146D9-7148-4C0D-A659-857744D8BC83}.Debug|Win32.Build.0 = Release|x64
		{D27146D9-7148-4C0D-A659-857744D8BC83}.Debug|x64.ActiveCfg = Release|x64
		{D27146D9-7148-4C0D-A659-857744D8BC83}.Debug|x64.Build.0 = Release|x64
		{D27146D9-7148-4C0D-A659-857744D8BC83}.Release|Any CPU.ActiveCfg = Release|Win32
		{D27146D9-7148-4C0D-A659-857744D8BC83}.Release|Win32.ActiveCfg = Release|Win32
		{D27146D9-7148-4C0D-A659-857744D8BC83}.Release|Win32.Build.0 = Release|Win32
		{D27146D9-7148-4C0D-A659-857744D8BC83}.Release|x64.ActiveCfg = Release|x64
		{D27146D9-7148-4C0D-A659-857744D8BC83}.Release|x64.Build.0 = Release|x64
		{C7D00516-76AB-4063-BE61-A15751EC4E77}.Debug|Any CPU.ActiveCfg = Debug|Win32
		{C7D00516-76AB-4063-BE61-A15751EC4E77}.Debug|Win32.ActiveCfg = Debug|x64
		{C7D00516-76AB-4063-BE61-A15751EC4E77}.Debug|x64.ActiveCfg = Debug|x64
		{C7D00516-76AB-4063-BE61-A15751EC4E77}.Debug|x64.Build.0 = Debug|x64
		{C7D00516-76AB-4063-BE61-A15751EC4E77}.Release|Any CPU.ActiveCfg = Release|Win32
		{C7D00516-76AB-4063-BE61-A15751EC4E77}.Release|Win32.ActiveCfg = Release|Win32
		{C7D00516-76AB-4063-BE61-A15751EC4E77}.Release|Win32.Build.0 = Release|Win32
		{C7D00516-76AB-4063-BE61-A15751EC4E77}.Release|x64.ActiveCfg = Release|x64
		{C7D00516-76AB-4063-BE61-A15751EC4E77}.Release|x64.Build.0 = Release|x64
		{F2084D3C-D6E9-44CA-9A3F-AF10A5689B77}.Debug|Any CPU.ActiveCfg = Debug|Win32
		{F2084D3C-D6E9-44CA-9A3F-AF10A5689B77}.Debug|Win32.ActiveCfg = Debug|Win32
		{F2084D3C-D6E9-44CA-9A3F-AF10A5689B77}.Debug|Win32.Build.0 = Debug|Win32
		{F2084D3C-D6E9-44CA-9A3F-AF10A5689B77}.Debug|x64.ActiveCfg = Debug|x64
		{F2084D3C-D6E9-44CA-9A3F-AF10A5689B77}.Debug|x64.Build.0 = Debug|x64
		{F2084D3C-D6E9-44CA-9A3F-AF10A5689B77}.Release|Any CPU.ActiveCfg = Release|Win32
		{F2084D3C-D6E9-44CA-9A3F-AF10A5689B77}.Release|Win32.ActiveCfg = Release|Win32
		{F2084D3C-D6E9-44CA-9A3F-AF10A5689B77}.Release|Win32.Build.0 = Release|Win32
		{F2084D3C-D6E9-44CA-9A3F-AF10A5689B77}.Release|x64.ActiveCfg = Release|x64
		{F2084D3C-D6E9-44CA-9A3F-AF10A5689B77}.Release|x64.Build.0 = Release|x64
		{CDE01055-B51A-4001-99DB-5FDC339BDB6B}.Debug|Any CPU.ActiveCfg = Debug|Win32
		{CDE01055-B51A-4001-99DB-5FDC339BDB6B}.Debug|Win32.ActiveCfg = Debug|Win32
		{CDE01055-B51A-4001-99DB-5FDC339BDB6B}.Debug|Win32.Build.0 = Debug|Win32
		{CDE01055-B51A-4001-99DB-5FDC339BDB6B}.Debug|x64.ActiveCfg = Debug|x64
		{CDE01055-B51A-4001-99DB-5FDC339BDB6B}.Debug|x64.Build.0 = Debug|x64
		{CDE01055-B51A-4001-99DB-5FDC339BDB6B}.Release|Any CPU.ActiveCfg = Release|Win32
		{CDE01055-B51A-4001-99DB-5FDC339BDB6B}.Release|Win32.ActiveCfg = Release|Win32
		{CDE01055-B51A-4001-99DB-5FDC339BDB6B}.Release|Win32.Build.0 = Release|Win32
		{CDE01055-B51A-4001-99DB-5FDC339BDB6B}.Release|x64.ActiveCfg = Release|x64
		{CDE01055-B51A-4001-99DB-5FDC339BDB6B}.Release|x64.Build.0 = Release|x64
		{5FA91E43-BE65-4A8E-90B1-F04B013B0DE2}.Debug|Any CPU.ActiveCfg = Debug|Win32
		{5FA91E43-BE65-4A8E-90B1-F04B013B0DE2}.Debug|Win32.ActiveCfg = Debug|Win32
		{5FA91E43-BE65-4A8E-90B1-F04B013B0DE2}.Debug|Win32.Build.0 = Debug|Win32
		{5FA91E43-BE65-4A8E-90B1-F04B013B0DE2}.Debug|x64.ActiveCfg = Debug|x64
		{5FA91E43-BE65-4A8E-90B1-F04B013B0DE2}.Debug|x64.Build.0 = Debug|x64
		{5FA91E43-BE65-4A8E-90B1-F04B013B0DE2}.Release|Any CPU.ActiveCfg = Release|Win32
		{5FA91E43-BE65-4A8E-90B1-F04B013B0DE2}.Release|Win32.ActiveCfg = Release|Win32
		{5FA91E43-BE65-4A8E-90B1-F04B013B0DE2}.Release|Win32.Build.0 = Release|Win32
		{5FA91E43-BE65-4A8E-90B1-F04B013B0DE2}.Release|x64.ActiveCfg = Release|x64
		{5FA91E43-BE65-4A8E-90B1-F04B013B0DE2}.Release|x64.Build.0 = Release|x64
		{F69B6B80-D1B9-40A6-9D65-95AB7D7ECF0E}.Debug|Any CPU.ActiveCfg = Debug|Win32
		{F69B6B80-D1B9-40A6-9D65-95AB7D7ECF0E}.Debug|Win32.ActiveCfg = Debug|Win32
		{F69B6B80-D1B9-40A6-9D65-95AB7D7ECF0E}.Debug|Win32.Build.0 = Debug|Win32
		{F69B6B80-D1B9-40A6-9D65-95AB7D7ECF0E}.Debug|x64.ActiveCfg = Debug|x64
		{F69B6B80-D1B9-40A6-9D65-95AB7D7ECF0E}.Debug|x64.Build.0 = Debug|x64
		{F69B6B80-D1B9-40A6-9D65-95AB7D7ECF0E}.Release|Any CPU.ActiveCfg = Release|Win32
		{F69B6B80-D1B9-40A6-9D65-95AB7D7ECF0E}.Release|Win32.ActiveCfg = Release|Win32
		{F69B6B80-D1B9-40A6-9D65-95AB7D7ECF0E}.Release|Win32.Build.0 = Release|Win32
		{F69B6B80-D1B9-40A6-9D65-95AB7D7ECF0E}.Release|x64.ActiveCfg = Release|x64
		{F69B6B80-D1B9-40A6-9D65-95AB7D7ECF0E}.Release|x64.Build.0 = Release|x64
		{58C5021C-5B4C-4AA1-8039-FB4B88EF37A2}.Debug|Any CPU.ActiveCfg = Debug|Win32
		{58C5021C-5B4C-4AA1-8039-FB4B88EF37A2}.Debug|Win32.ActiveCfg = Debug|Win32
		{58C5021C-5B4C-4AA1-8039-FB4B88EF37A2}.Debug|Win32.Build.0 = Debug|Win32
		{58C5021C-5B4C-4AA1-8039-FB4B88EF37A2}.Debug|x64.ActiveCfg = Debug|x64
		{58C5021C-5B4C-4AA1-8039-FB4B88EF37A2}.Debug|x64.Build.0 = Debug|x64
		{58C5021C-5B4C-4AA1-8039-FB4B88EF37A2}.Release|Any CPU.ActiveCfg = Release|Win32
		{58C5021C-5B4C-4AA1-8039-FB4B88EF37A2}.Release|Win32.ActiveCfg = Release|Win32
		{58C5021C-5B4C-4AA1-8039-FB4B88EF37A2}.Release|Win32.Build.0 = Release|Win32
		{58C5021C-5B4C-4AA1-8039-FB4B88EF37A2}.Release|x64.ActiveCfg = Release|x64
		{58C5021C-5B4C-4AA1-8039-FB4B88EF37A2}.Release|x64.Build.0 = Release|x64
		{874FE82C-C56B-4F84-BD64-CD685D5FB000}.Debug|Any CPU.ActiveCfg = Debug|Win32
		{874FE82C-C56B-4F84-BD64-CD685D5FB000}.Debug|Win32.ActiveCfg = Debug|Win32
		{874FE82C-C56B-4F84-BD64-CD685D5FB000}.Debug|Win32.Build.0 = Debug|Win32
		{874FE82C-C56B-4F84-BD64-CD685D5FB000}.Debug|x64.ActiveCfg = Debug|x64
		{874FE82C-C56B-4F84-BD64-CD685D5FB000}.Debug|x64.Build.0 = Debug|x64
		{874FE82C-C56B-4F84-BD64-CD685D5FB000}.Release|Any CPU.ActiveCfg = Release|Win32
		{874FE82C-C56B-4F84-BD64-CD685D5FB000}.Release|Win32.ActiveCfg = Release|Win32
		{874FE82C-C56B-4F84-BD64-CD685D5FB000}.Release|Win32.Build.0 = Release|Win32
		{874FE82C-C56B-4F84-BD64-CD685D5FB000}.Release|x64.ActiveCfg = Release|x64
		{874FE82C-C56B-4F84-BD64-CD685D5FB000}.Release|x64.Build.0 = Release|x64
		{F06B27A4-32DC-44F7-A909-D45A1127ACF5}.Debug|Any CPU.ActiveCfg = Debug|Win32
		{F06B27A4-32DC-44F7-A909-D45A1127ACF5}.Debug|Win32.ActiveCfg = Debug|Win32
		{F06B27A4-32DC-44F7-A909-D45A1127ACF5}.Debug|Win32.Build.0 = Debug|Win32
		{F06B27A4-32DC-44F7-A909-D45A1127ACF5}.Debug|x64.ActiveCfg = Debug|x64
		{F06B27A4-32DC-44F7-A909-D45A1127ACF5}.Debug|x64.Build.0 = Debug|x64
		{F06B27A4-32DC-44F7-A909-D45A1127ACF5}.Release|Any CPU.ActiveCfg = Release|Win32
		{F06B27A4-32DC-44F7-A909-D45A1127ACF5}.Release|Win32.ActiveCfg = Release|Win32
		{F06B27A4-32DC-44F7-A909-D45A1127ACF5}.Release|Win32.Build.0 = Release|Win32
		{F06B27A4-32DC-44F7-A909-D45A1127ACF5}.Release|x64.ActiveCfg = Release|x64
		{F06B27A4-32DC-44F7-A909-D45A1127ACF5}.Release|x64.Build.0 = Release|x64
		{5FB6BE46-B620-4EA1-917E-B61929A9E9E5}.Debug|Any CPU.ActiveCfg = Debug|Any CPU
		{5FB6BE46-B620-4EA1-917E-B61929A9E9E5}.Debug|Any CPU.Build.0 = Debug|Any CPU
		{5FB6BE46-B620-4EA1-917E-B61929A9E9E5}.Debug|Win32.ActiveCfg = Debug|Any CPU
		{5FB6BE46-B620-4EA1-917E-B61929A9E9E5}.Debug|Win32.Build.0 = Debug|Any CPU
		{5FB6BE46-B620-4EA1-917E-B61929A9E9E5}.Debug|x64.ActiveCfg = Debug|Any CPU
		{5FB6BE46-B620-4EA1-917E-B61929A9E9E5}.Debug|x64.Build.0 = Debug|Any CPU
		{5FB6BE46-B620-4EA1-917E-B61929A9E9E5}.Release|Any CPU.ActiveCfg = Release|Any CPU
		{5FB6BE46-B620-4EA1-917E-B61929A9E9E5}.Release|Any CPU.Build.0 = Release|Any CPU
		{5FB6BE46-B620-4EA1-917E-B61929A9E9E5}.Release|Win32.ActiveCfg = Release|Any CPU
		{5FB6BE46-B620-4EA1-917E-B61929A9E9E5}.Release|Win32.Build.0 = Release|Any CPU
		{5FB6BE46-B620-4EA1-917E-B61929A9E9E5}.Release|x64.ActiveCfg = Release|Any CPU
		{5FB6BE46-B620-4EA1-917E-B61929A9E9E5}.Release|x64.Build.0 = Release|Any CPU
		{E9060235-9491-486D-8A29-BC4364F487C5}.Debug|Any CPU.ActiveCfg = Debug|Win32
		{E9060235-9491-486D-8A29-BC4364F487C5}.Debug|Win32.ActiveCfg = Debug|Win32
		{E9060235-9491-486D-8A29-BC4364F487C5}.Debug|Win32.Build.0 = Debug|Win32
		{E9060235-9491-486D-8A29-BC4364F487C5}.Debug|x64.ActiveCfg = Debug|x64
		{E9060235-9491-486D-8A29-BC4364F487C5}.Debug|x64.Build.0 = Debug|x64
		{E9060235-9491-486D-8A29-BC4364F487C5}.Release|Any CPU.ActiveCfg = Release|Win32
		{E9060235-9491-486D-8A29-BC4364F487C5}.Release|Win32.ActiveCfg = Release|Win32
		{E9060235-9491-486D-8A29-BC4364F487C5}.Release|Win32.Build.0 = Release|Win32
		{E9060235-9491-486D-8A29-BC4364F487C5}.Release|x64.ActiveCfg = Release|x64
		{E9060235-9491-486D-8A29-BC4364F487C5}.Release|x64.Build.0 = Release|x64
		{B12702AD-ABFB-343A-A199-8E24837244A3}.Debug|Any CPU.ActiveCfg = Debug|Win32
		{B12702AD-ABFB-343A-A199-8E24837244A3}.Debug|Win32.ActiveCfg = Debug|Win32
		{B12702AD-ABFB-343A-A199-8E24837244A3}.Debug|Win32.Build.0 = Debug|Win32
		{B12702AD-ABFB-343A-A199-8E24837244A3}.Debug|x64.ActiveCfg = Debug|Win32
		{B12702AD-ABFB-343A-A199-8E24837244A3}.Release|Any CPU.ActiveCfg = Release|Win32
		{B12702AD-ABFB-343A-A199-8E24837244A3}.Release|Win32.ActiveCfg = Release|Win32
		{B12702AD-ABFB-343A-A199-8E24837244A3}.Release|Win32.Build.0 = Release|Win32
		{B12702AD-ABFB-343A-A199-8E24837244A3}.Release|x64.ActiveCfg = Release|Win32
		{CDFD1924-1931-4450-90F8-72A5694440A4}.Debug|Any CPU.ActiveCfg = Debug|Win32
		{CDFD1924-1931-4450-90F8-72A5694440A4}.Debug|Win32.ActiveCfg = Debug|Win32
		{CDFD1924-1931-4450-90F8-72A5694440A4}.Debug|Win32.Build.0 = Debug|Win32
		{CDFD1924-1931-4450-90F8-72A5694440A4}.Debug|x64.ActiveCfg = Debug|x64
		{CDFD1924-1931-4450-90F8-72A5694440A4}.Debug|x64.Build.0 = Debug|x64
		{CDFD1924-1931-4450-90F8-72A5694440A4}.Release|Any CPU.ActiveCfg = Release|Win32
		{CDFD1924-1931-4450-90F8-72A5694440A4}.Release|Win32.ActiveCfg = Release|Win32
		{CDFD1924-1931-4450-90F8-72A5694440A4}.Release|Win32.Build.0 = Release|Win32
		{CDFD1924-1931-4450-90F8-72A5694440A4}.Release|x64.ActiveCfg = Release|x64
		{CDFD1924-1931-4450-90F8-72A5694440A4}.Release|x64.Build.0 = Release|x64
	EndGlobalSection
	GlobalSection(SolutionProperties) = preSolution
		HideSolutionNode = FALSE
	EndGlobalSection
EndGlobal
