<?xml version="1.0" encoding="utf-8"?>
<Project ToolsVersion="14.0" xmlns="http://schemas.microsoft.com/developer/msbuild/2003">
  <ItemGroup>
    <Filter Include="Source Files">
      <UniqueIdentifier>098eddb3-c274-4d2a-8e47-8d5752f0d84d</UniqueIdentifier>
      <Extensions>cpp;c;cxx;rc;def;r;odl;idl;hpj;bat</Extensions>
    </Filter>
    <Filter Include="Runtime Files Win32">
      <UniqueIdentifier>15ea9df0-b47f-45a4-86b2-f7352461dca9</UniqueIdentifier>
      <Extensions>dll</Extensions>
    </Filter>
    <Filter Include="Runtime Files x64">
      <UniqueIdentifier>092a6748-2d20-4295-9524-bc980f15db27</UniqueIdentifier>
      <Extensions>dll</Extensions>
    </Filter>
  </ItemGroup>
  <ItemGroup>
    <ClCompile Include="pdf2pdfzugferd.c">
      <Filter>Source Files</Filter>
    </ClCompile>
  </ItemGroup>
  <ItemGroup>
    <ContentWithTargetPath Include="..\..\..\bin\Win32\Pdf2PdfAPI.dll">
      <Filter>Runtime Files Win32</Filter>
    </ContentWithTargetPath>
    <ContentWithTargetPath Include="..\..\..\bin\Win32\pdfocrpluginAbbyy10.ocr">
      <Filter>Runtime Files Win32</Filter>
    </ContentWithTargetPath>
    <ContentWithTargetPath Include="..\..\..\bin\Win32\pdfocrpluginAbbyy11.ocr">
      <Filter>Runtime Files Win32</Filter>
    </ContentWithTargetPath>
    <ContentWithTargetPath Include="..\..\..\bin\Win32\pdfocrpluginAbbyy12.ocr">
      <Filter>Runtime Files Win32</Filter>
    </ContentWithTargetPath>
    <ContentWithTargetPath Include="..\..\..\bin\Win32\pdfocrpluginService.ocr">
      <Filter>Runtime Files Win32</Filter>
    </ContentWithTargetPath>

    <ContentWithTargetPath Include="..\..\..\bin\x64\Pdf2PdfAPI.dll">
      <Filter>Runtime Files x64</Filter>
    </ContentWithTargetPath>
    <ContentWithTargetPath Include="..\..\..\bin\x64\pdfocrpluginAbbyy11.ocr">
      <Filter>Runtime Files x64</Filter>
    </ContentWithTargetPath>
    <ContentWithTargetPath Include="..\..\..\bin\x64\pdfocrpluginAbbyy12.ocr">
      <Filter>Runtime Files x64</Filter>
    </ContentWithTargetPath>
    <ContentWithTargetPath Include="..\..\..\bin\x64\pdfocrpluginService.ocr">
      <Filter>Runtime Files x64</Filter>
    </ContentWithTargetPath>

  </ItemGroup>
</Project>