
Microsoft Visual Studio Solution File, Format Version 12.00
# Visual Studio 14
VisualStudioVersion = 14.0.25420.1
MinimumVisualStudioVersion = 10.0.40219.1
Project("{8BC9CEB8-8B4A-11D0-8D11-00A0C91BC942}") = "ALL_BUILD", "ALL_BUILD.vcxproj", "{2E84AC83-E982-390A-8292-C84DE4AD09BC}"
	ProjectSection(ProjectDependencies) = postProject
		{747FD1E7-033E-3DA9-B62B-1A62C1726158} = {747FD1E7-033E-3DA9-B62B-1A62C1726158}
		{E2B65058-7B0E-38EB-A680-66F73ED05F67} = {E2B65058-7B0E-38EB-A680-66F73ED05F67}
	EndProjectSection
EndProject
Project("{8BC9CEB8-8B4A-11D0-8D11-00A0C91BC942}") = "INSTALL", "INSTALL.vcxproj", "{4489D2DC-E664-3C57-BB18-62591EB52775}"
	ProjectSection(ProjectDependencies) = postProject
		{2E84AC83-E982-390A-8292-C84DE4AD09BC} = {2E84AC83-E982-390A-8292-C84DE4AD09BC}
		{747FD1E7-033E-3DA9-B62B-1A62C1726158} = {747FD1E7-033E-3DA9-B62B-1A62C1726158}
	EndProjectSection
EndProject
Project("{8BC9CEB8-8B4A-11D0-8D11-00A0C91BC942}") = "PACKAGE", "PACKAGE.vcxproj", "{820D6289-8D66-3A43-87E8-401A0B8681C5}"
	ProjectSection(ProjectDependencies) = postProject
		{2E84AC83-E982-390A-8292-C84DE4AD09BC} = {2E84AC83-E982-390A-8292-C84DE4AD09BC}
		{747FD1E7-033E-3DA9-B62B-1A62C1726158} = {747FD1E7-033E-3DA9-B62B-1A62C1726158}
	EndProjectSection
EndProject
Project("{8BC9CEB8-8B4A-11D0-8D11-00A0C91BC942}") = "ZERO_CHECK", "ZERO_CHECK.vcxproj", "{747FD1E7-033E-3DA9-B62B-1A62C1726158}"
EndProject
Project("{8BC9CEB8-8B4A-11D0-8D11-00A0C91BC942}") = "freetype", "freetype.vcxproj", "{E2B65058-7B0E-38EB-A680-66F73ED05F67}"
	ProjectSection(ProjectDependencies) = postProject
		{747FD1E7-033E-3DA9-B62B-1A62C1726158} = {747FD1E7-033E-3DA9-B62B-1A62C1726158}
	EndProjectSection
EndProject
Project("{8BC9CEB8-8B4A-11D0-8D11-00A0C91BC942}") = "testfreetype", "..\testfreetype\testfreetype.vcxproj", "{FBDA198E-A16C-4F73-B2ED-876FC428DEF0}"
EndProject
Project("{8BC9CEB8-8B4A-11D0-8D11-00A0C91BC942}") = "testfreetype2", "testfreetype2\testfreetype2.vcxproj", "{54C3C42E-3354-4088-9BB4-A8131AFF542D}"
EndProject
Project("{8BC9CEB8-8B4A-11D0-8D11-00A0C91BC942}") = "testfreetype3", "testfreetype3\testfreetype3.vcxproj", "{88F5017B-25EA-450B-831C-999F3A24C469}"
EndProject
Global
	GlobalSection(SolutionConfigurationPlatforms) = preSolution
		Debug|Win32 = Debug|Win32
		Debug|x64 = Debug|x64
		MinSizeRel|Win32 = MinSizeRel|Win32
		MinSizeRel|x64 = MinSizeRel|x64
		Release|Win32 = Release|Win32
		Release|x64 = Release|x64
		RelWithDebInfo|Win32 = RelWithDebInfo|Win32
		RelWithDebInfo|x64 = RelWithDebInfo|x64
	EndGlobalSection
	GlobalSection(ProjectConfigurationPlatforms) = postSolution
		{2E84AC83-E982-390A-8292-C84DE4AD09BC}.Debug|Win32.ActiveCfg = Debug|Win32
		{2E84AC83-E982-390A-8292-C84DE4AD09BC}.Debug|Win32.Build.0 = Debug|Win32
		{2E84AC83-E982-390A-8292-C84DE4AD09BC}.Debug|x64.ActiveCfg = Debug|Win32
		{2E84AC83-E982-390A-8292-C84DE4AD09BC}.MinSizeRel|Win32.ActiveCfg = MinSizeRel|Win32
		{2E84AC83-E982-390A-8292-C84DE4AD09BC}.MinSizeRel|Win32.Build.0 = MinSizeRel|Win32
		{2E84AC83-E982-390A-8292-C84DE4AD09BC}.MinSizeRel|x64.ActiveCfg = MinSizeRel|Win32
		{2E84AC83-E982-390A-8292-C84DE4AD09BC}.Release|Win32.ActiveCfg = Release|Win32
		{2E84AC83-E982-390A-8292-C84DE4AD09BC}.Release|Win32.Build.0 = Release|Win32
		{2E84AC83-E982-390A-8292-C84DE4AD09BC}.Release|x64.ActiveCfg = Release|Win32
		{2E84AC83-E982-390A-8292-C84DE4AD09BC}.RelWithDebInfo|Win32.ActiveCfg = RelWithDebInfo|Win32
		{2E84AC83-E982-390A-8292-C84DE4AD09BC}.RelWithDebInfo|Win32.Build.0 = RelWithDebInfo|Win32
		{2E84AC83-E982-390A-8292-C84DE4AD09BC}.RelWithDebInfo|x64.ActiveCfg = RelWithDebInfo|Win32
		{4489D2DC-E664-3C57-BB18-62591EB52775}.Debug|Win32.ActiveCfg = Debug|Win32
		{4489D2DC-E664-3C57-BB18-62591EB52775}.Debug|x64.ActiveCfg = Debug|Win32
		{4489D2DC-E664-3C57-BB18-62591EB52775}.MinSizeRel|Win32.ActiveCfg = MinSizeRel|Win32
		{4489D2DC-E664-3C57-BB18-62591EB52775}.MinSizeRel|x64.ActiveCfg = MinSizeRel|Win32
		{4489D2DC-E664-3C57-BB18-62591EB52775}.Release|Win32.ActiveCfg = Release|Win32
		{4489D2DC-E664-3C57-BB18-62591EB52775}.Release|x64.ActiveCfg = Release|Win32
		{4489D2DC-E664-3C57-BB18-62591EB52775}.RelWithDebInfo|Win32.ActiveCfg = RelWithDebInfo|Win32
		{4489D2DC-E664-3C57-BB18-62591EB52775}.RelWithDebInfo|x64.ActiveCfg = RelWithDebInfo|Win32
		{820D6289-8D66-3A43-87E8-401A0B8681C5}.Debug|Win32.ActiveCfg = Debug|Win32
		{820D6289-8D66-3A43-87E8-401A0B8681C5}.Debug|x64.ActiveCfg = Debug|Win32
		{820D6289-8D66-3A43-87E8-401A0B8681C5}.MinSizeRel|Win32.ActiveCfg = MinSizeRel|Win32
		{820D6289-8D66-3A43-87E8-401A0B8681C5}.MinSizeRel|x64.ActiveCfg = MinSizeRel|Win32
		{820D6289-8D66-3A43-87E8-401A0B8681C5}.Release|Win32.ActiveCfg = Release|Win32
		{820D6289-8D66-3A43-87E8-401A0B8681C5}.Release|x64.ActiveCfg = Release|Win32
		{820D6289-8D66-3A43-87E8-401A0B8681C5}.RelWithDebInfo|Win32.ActiveCfg = RelWithDebInfo|Win32
		{820D6289-8D66-3A43-87E8-401A0B8681C5}.RelWithDebInfo|x64.ActiveCfg = RelWithDebInfo|Win32
		{747FD1E7-033E-3DA9-B62B-1A62C1726158}.Debug|Win32.ActiveCfg = Debug|Win32
		{747FD1E7-033E-3DA9-B62B-1A62C1726158}.Debug|Win32.Build.0 = Debug|Win32
		{747FD1E7-033E-3DA9-B62B-1A62C1726158}.Debug|x64.ActiveCfg = Debug|Win32
		{747FD1E7-033E-3DA9-B62B-1A62C1726158}.MinSizeRel|Win32.ActiveCfg = MinSizeRel|Win32
		{747FD1E7-033E-3DA9-B62B-1A62C1726158}.MinSizeRel|Win32.Build.0 = MinSizeRel|Win32
		{747FD1E7-033E-3DA9-B62B-1A62C1726158}.MinSizeRel|x64.ActiveCfg = MinSizeRel|Win32
		{747FD1E7-033E-3DA9-B62B-1A62C1726158}.Release|Win32.ActiveCfg = Release|Win32
		{747FD1E7-033E-3DA9-B62B-1A62C1726158}.Release|Win32.Build.0 = Release|Win32
		{747FD1E7-033E-3DA9-B62B-1A62C1726158}.Release|x64.ActiveCfg = Release|Win32
		{747FD1E7-033E-3DA9-B62B-1A62C1726158}.RelWithDebInfo|Win32.ActiveCfg = RelWithDebInfo|Win32
		{747FD1E7-033E-3DA9-B62B-1A62C1726158}.RelWithDebInfo|Win32.Build.0 = RelWithDebInfo|Win32
		{747FD1E7-033E-3DA9-B62B-1A62C1726158}.RelWithDebInfo|x64.ActiveCfg = RelWithDebInfo|Win32
		{E2B65058-7B0E-38EB-A680-66F73ED05F67}.Debug|Win32.ActiveCfg = Debug|Win32
		{E2B65058-7B0E-38EB-A680-66F73ED05F67}.Debug|Win32.Build.0 = Debug|Win32
		{E2B65058-7B0E-38EB-A680-66F73ED05F67}.Debug|x64.ActiveCfg = Debug|Win32
		{E2B65058-7B0E-38EB-A680-66F73ED05F67}.MinSizeRel|Win32.ActiveCfg = MinSizeRel|Win32
		{E2B65058-7B0E-38EB-A680-66F73ED05F67}.MinSizeRel|Win32.Build.0 = MinSizeRel|Win32
		{E2B65058-7B0E-38EB-A680-66F73ED05F67}.MinSizeRel|x64.ActiveCfg = MinSizeRel|Win32
		{E2B65058-7B0E-38EB-A680-66F73ED05F67}.Release|Win32.ActiveCfg = Release|Win32
		{E2B65058-7B0E-38EB-A680-66F73ED05F67}.Release|Win32.Build.0 = Release|Win32
		{E2B65058-7B0E-38EB-A680-66F73ED05F67}.Release|x64.ActiveCfg = Release|Win32
		{E2B65058-7B0E-38EB-A680-66F73ED05F67}.RelWithDebInfo|Win32.ActiveCfg = RelWithDebInfo|Win32
		{E2B65058-7B0E-38EB-A680-66F73ED05F67}.RelWithDebInfo|Win32.Build.0 = RelWithDebInfo|Win32
		{E2B65058-7B0E-38EB-A680-66F73ED05F67}.RelWithDebInfo|x64.ActiveCfg = RelWithDebInfo|Win32
		{FBDA198E-A16C-4F73-B2ED-876FC428DEF0}.Debug|Win32.ActiveCfg = Debug|Win32
		{FBDA198E-A16C-4F73-B2ED-876FC428DEF0}.Debug|Win32.Build.0 = Debug|Win32
		{FBDA198E-A16C-4F73-B2ED-876FC428DEF0}.Debug|x64.ActiveCfg = Debug|x64
		{FBDA198E-A16C-4F73-B2ED-876FC428DEF0}.Debug|x64.Build.0 = Debug|x64
		{FBDA198E-A16C-4F73-B2ED-876FC428DEF0}.MinSizeRel|Win32.ActiveCfg = Release|Win32
		{FBDA198E-A16C-4F73-B2ED-876FC428DEF0}.MinSizeRel|Win32.Build.0 = Release|Win32
		{FBDA198E-A16C-4F73-B2ED-876FC428DEF0}.MinSizeRel|x64.ActiveCfg = Release|x64
		{FBDA198E-A16C-4F73-B2ED-876FC428DEF0}.MinSizeRel|x64.Build.0 = Release|x64
		{FBDA198E-A16C-4F73-B2ED-876FC428DEF0}.Release|Win32.ActiveCfg = Release|Win32
		{FBDA198E-A16C-4F73-B2ED-876FC428DEF0}.Release|Win32.Build.0 = Release|Win32
		{FBDA198E-A16C-4F73-B2ED-876FC428DEF0}.Release|x64.ActiveCfg = Release|x64
		{FBDA198E-A16C-4F73-B2ED-876FC428DEF0}.Release|x64.Build.0 = Release|x64
		{FBDA198E-A16C-4F73-B2ED-876FC428DEF0}.RelWithDebInfo|Win32.ActiveCfg = Release|Win32
		{FBDA198E-A16C-4F73-B2ED-876FC428DEF0}.RelWithDebInfo|Win32.Build.0 = Release|Win32
		{FBDA198E-A16C-4F73-B2ED-876FC428DEF0}.RelWithDebInfo|x64.ActiveCfg = Release|x64
		{FBDA198E-A16C-4F73-B2ED-876FC428DEF0}.RelWithDebInfo|x64.Build.0 = Release|x64
		{54C3C42E-3354-4088-9BB4-A8131AFF542D}.Debug|Win32.ActiveCfg = Debug|Win32
		{54C3C42E-3354-4088-9BB4-A8131AFF542D}.Debug|Win32.Build.0 = Debug|Win32
		{54C3C42E-3354-4088-9BB4-A8131AFF542D}.Debug|x64.ActiveCfg = Debug|x64
		{54C3C42E-3354-4088-9BB4-A8131AFF542D}.Debug|x64.Build.0 = Debug|x64
		{54C3C42E-3354-4088-9BB4-A8131AFF542D}.MinSizeRel|Win32.ActiveCfg = Release|Win32
		{54C3C42E-3354-4088-9BB4-A8131AFF542D}.MinSizeRel|Win32.Build.0 = Release|Win32
		{54C3C42E-3354-4088-9BB4-A8131AFF542D}.MinSizeRel|x64.ActiveCfg = Release|x64
		{54C3C42E-3354-4088-9BB4-A8131AFF542D}.MinSizeRel|x64.Build.0 = Release|x64
		{54C3C42E-3354-4088-9BB4-A8131AFF542D}.Release|Win32.ActiveCfg = Release|Win32
		{54C3C42E-3354-4088-9BB4-A8131AFF542D}.Release|Win32.Build.0 = Release|Win32
		{54C3C42E-3354-4088-9BB4-A8131AFF542D}.Release|x64.ActiveCfg = Release|x64
		{54C3C42E-3354-4088-9BB4-A8131AFF542D}.Release|x64.Build.0 = Release|x64
		{54C3C42E-3354-4088-9BB4-A8131AFF542D}.RelWithDebInfo|Win32.ActiveCfg = Release|Win32
		{54C3C42E-3354-4088-9BB4-A8131AFF542D}.RelWithDebInfo|Win32.Build.0 = Release|Win32
		{54C3C42E-3354-4088-9BB4-A8131AFF542D}.RelWithDebInfo|x64.ActiveCfg = Release|x64
		{54C3C42E-3354-4088-9BB4-A8131AFF542D}.RelWithDebInfo|x64.Build.0 = Release|x64
		{88F5017B-25EA-450B-831C-999F3A24C469}.Debug|Win32.ActiveCfg = Debug|Win32
		{88F5017B-25EA-450B-831C-999F3A24C469}.Debug|Win32.Build.0 = Debug|Win32
		{88F5017B-25EA-450B-831C-999F3A24C469}.Debug|x64.ActiveCfg = Debug|x64
		{88F5017B-25EA-450B-831C-999F3A24C469}.Debug|x64.Build.0 = Debug|x64
		{88F5017B-25EA-450B-831C-999F3A24C469}.MinSizeRel|Win32.ActiveCfg = Release|Win32
		{88F5017B-25EA-450B-831C-999F3A24C469}.MinSizeRel|Win32.Build.0 = Release|Win32
		{88F5017B-25EA-450B-831C-999F3A24C469}.MinSizeRel|x64.ActiveCfg = Release|x64
		{88F5017B-25EA-450B-831C-999F3A24C469}.MinSizeRel|x64.Build.0 = Release|x64
		{88F5017B-25EA-450B-831C-999F3A24C469}.Release|Win32.ActiveCfg = Release|Win32
		{88F5017B-25EA-450B-831C-999F3A24C469}.Release|Win32.Build.0 = Release|Win32
		{88F5017B-25EA-450B-831C-999F3A24C469}.Release|x64.ActiveCfg = Release|x64
		{88F5017B-25EA-450B-831C-999F3A24C469}.Release|x64.Build.0 = Release|x64
		{88F5017B-25EA-450B-831C-999F3A24C469}.RelWithDebInfo|Win32.ActiveCfg = Release|Win32
		{88F5017B-25EA-450B-831C-999F3A24C469}.RelWithDebInfo|Win32.Build.0 = Release|Win32
		{88F5017B-25EA-450B-831C-999F3A24C469}.RelWithDebInfo|x64.ActiveCfg = Release|x64
		{88F5017B-25EA-450B-831C-999F3A24C469}.RelWithDebInfo|x64.Build.0 = Release|x64
	EndGlobalSection
	GlobalSection(SolutionProperties) = preSolution
		HideSolutionNode = FALSE
	EndGlobalSection
	GlobalSection(ExtensibilityGlobals) = postSolution
		SolutionGuid = {F66F9DBE-7DC6-3A8A-97E3-BAD6F0E4185E}
	EndGlobalSection
EndGlobal
