Microsoft Visual Studio Solution File, Format Version 11.00
# Visual Studio 2010
Project("{8BC9CEB8-8B4A-11D0-8D11-00A0C91BC942}") = "businesscard", "VS2010\businesscard.vcxproj", "{CA1DC4B4-550F-4A07-9A33-C59093FA9E20}"
EndProject
Project("{8BC9CEB8-8B4A-11D0-8D11-00A0C91BC942}") = "hello", "VS2010\hello.vcxproj", "{186CC885-2C32-4DFE-8312-B9694F27CA36}"
EndProject
Project("{8BC9CEB8-8B4A-11D0-8D11-00A0C91BC942}") = "image", "VS2010\image.vcxproj", "{BFF9E833-F43D-4B07-BFDE-F6D3B04F88EE}"
EndProject
Project("{8BC9CEB8-8B4A-11D0-8D11-00A0C91BC942}") = "invoice", "VS2010\invoice.vcxproj", "{E4BACBAF-C4E6-4617-B968-EAA23D6D273A}"
EndProject
Project("{8BC9CEB8-8B4A-11D0-8D11-00A0C91BC942}") = "pdfclock", "VS2010\pdfclock.vcxproj", "{97C4852D-B967-45CD-886A-7727C8AD832E}"
EndProject
Project("{8BC9CEB8-8B4A-11D0-8D11-00A0C91BC942}") = "quickreference", "VS2010\quickreference.vcxproj", "{7EB78B08-162F-45C0-8374-8246B335A6BE}"
EndProject
Project("{8BC9CEB8-8B4A-11D0-8D11-00A0C91BC942}") = "starter_3d", "VS2010\starter_3d.vcxproj", "{55F0E0EC-EF05-4105-8A5A-BD474B87A5EA}"
EndProject
Project("{8BC9CEB8-8B4A-11D0-8D11-00A0C91BC942}") = "starter_basic", "VS2010\starter_basic.vcxproj", "{F246AA31-EDBF-4F7E-B59F-A659283E61A0}"
EndProject
Project("{8BC9CEB8-8B4A-11D0-8D11-00A0C91BC942}") = "starter_block", "VS2010\starter_block.vcxproj", "{0B0537EB-0E0E-4CA0-B3B9-0184031CB906}"
EndProject
Project("{8BC9CEB8-8B4A-11D0-8D11-00A0C91BC942}") = "starter_color", "VS2010\starter_color.vcxproj", "{B91092C3-D3B1-40AE-9F38-858903CEE6B0}"
EndProject
Project("{8BC9CEB8-8B4A-11D0-8D11-00A0C91BC942}") = "starter_fallback", "VS2010\starter_fallback.vcxproj", "{E09DA461-322F-4C67-B0CF-59C6CD99ACB8}"
EndProject
Project("{8BC9CEB8-8B4A-11D0-8D11-00A0C91BC942}") = "starter_geospatial", "VS2010\starter_geospatial.vcxproj", "{E9A323C4-7511-4AFA-B46E-A0412D804759}"
EndProject
Project("{8BC9CEB8-8B4A-11D0-8D11-00A0C91BC942}") = "starter_graphics", "VS2010\starter_graphics.vcxproj", "{9EEF3D34-8FD2-4E3C-A528-7183AA157B01}"
EndProject
Project("{8BC9CEB8-8B4A-11D0-8D11-00A0C91BC942}") = "starter_image", "VS2010\starter_image.vcxproj", "{392DDC67-841A-4BFD-B2E3-0B2527A28486}"
EndProject
Project("{8BC9CEB8-8B4A-11D0-8D11-00A0C91BC942}") = "starter_layer", "VS2010\starter_layer.vcxproj", "{6F646A71-38DB-4FE0-A882-541146181D37}"
EndProject
Project("{8BC9CEB8-8B4A-11D0-8D11-00A0C91BC942}") = "starter_opentype", "VS2010\starter_opentype.vcxproj", "{16F8C80F-B2C2-4533-9477-EF41917AF7D8}"
EndProject
Project("{8BC9CEB8-8B4A-11D0-8D11-00A0C91BC942}") = "starter_pcos", "VS2010\starter_pcos.vcxproj", "{D7933D45-E49C-4A55-A1C1-42AFB0654F82}"
EndProject
Project("{8BC9CEB8-8B4A-11D0-8D11-00A0C91BC942}") = "starter_path", "VS2010\starter_path.vcxproj", "{D7933D45-E49C-4A55-A1C1-42AFB0654F82}"
EndProject
Project("{8BC9CEB8-8B4A-11D0-8D11-00A0C91BC942}") = "starter_pdfua1", "VS2010\starter_pdfua1.vcxproj", "{92AFCB2D-FDB3-4062-9B80-E44C34EAA327}"
EndProject
Project("{8BC9CEB8-8B4A-11D0-8D11-00A0C91BC942}") = "starter_pdfa1b", "VS2010\starter_pdfa1b.vcxproj", "{357D0B2E-F6F0-4352-B4A9-1C9992D021DA}"
EndProject
Project("{8BC9CEB8-8B4A-11D0-8D11-00A0C91BC942}") = "starter_pdfa2b", "VS2010\starter_pdfa2b.vcxproj", "{357D0B2E-F6F0-4352-B4A9-1C9992D021DA}"
EndProject
Project("{8BC9CEB8-8B4A-11D0-8D11-00A0C91BC942}") = "starter_pdfmerge", "VS2010\starter_pdfmerge.vcxproj", "{BA37CB1E-1034-4ECA-A72C-E7DF47DD705E}"
EndProject
Project("{8BC9CEB8-8B4A-11D0-8D11-00A0C91BC942}") = "starter_pdfx3", "VS2010\starter_pdfx3.vcxproj", "{8DF8116E-AC3C-4741-824C-02CA06F4F71B}"
EndProject
Project("{8BC9CEB8-8B4A-11D0-8D11-00A0C91BC942}") = "starter_pdfx4", "VS2010\starter_pdfx4.vcxproj", "{5F0DC2DF-5231-4D1E-914D-092B0EB3FD7A}"
EndProject
Project("{8BC9CEB8-8B4A-11D0-8D11-00A0C91BC942}") = "starter_pdfx5g", "VS2010\starter_pdfx5g.vcxproj", "{7CB5F413-943E-4D7A-95FC-4C271220A515}"
EndProject
Project("{8BC9CEB8-8B4A-11D0-8D11-00A0C91BC942}") = "starter_portfolio", "VS2010\starter_portfolio.vcxproj", "{D609096F-9CB4-489D-9075-F6A3D4E2081F}"
EndProject
Project("{8BC9CEB8-8B4A-11D0-8D11-00A0C91BC942}") = "starter_pvf", "VS2010\starter_pvf.vcxproj", "{A382E4AC-306B-48D1-895F-AA0177578054}"
EndProject
Project("{8BC9CEB8-8B4A-11D0-8D11-00A0C91BC942}") = "starter_shaping", "VS2010\starter_shaping.vcxproj", "{E88A6E73-F3BE-4EF8-B8A1-233F02766901}"
EndProject
Project("{8BC9CEB8-8B4A-11D0-8D11-00A0C91BC942}") = "starter_svg", "VS2010\starter_svg.vcxproj", "{AC42CCE2-D484-4891-AF43-E4AD93517DBB}"
EndProject
Project("{8BC9CEB8-8B4A-11D0-8D11-00A0C91BC942}") = "starter_table", "VS2010\starter_table.vcxproj", "{09CF9DA4-9695-44EE-B2EC-4889F20E052D}"
EndProject
Project("{8BC9CEB8-8B4A-11D0-8D11-00A0C91BC942}") = "starter_textflow", "VS2010\starter_textflow.vcxproj", "{AF19DAC4-5B05-4DAD-A5B5-E3430486E54C}"
EndProject
Project("{8BC9CEB8-8B4A-11D0-8D11-00A0C91BC942}") = "starter_textline", "VS2010\starter_textline.vcxproj", "{F4D7880B-AB7B-4B40-9B59-06DCFA315AC7}"
EndProject
Project("{8BC9CEB8-8B4A-11D0-8D11-00A0C91BC942}") = "starter_type3font", "VS2010\starter_type3font.vcxproj", "{D3C6A628-20AF-4F3E-9CAC-E6C52E7CF162}"
EndProject
Project("{8BC9CEB8-8B4A-11D0-8D11-00A0C91BC942}") = "starter_webform", "VS2010\starter_webform.vcxproj", "{77FA8FD7-F955-49C5-A128-8D9C201A94A3}"
EndProject
Global
	GlobalSection(SolutionConfigurationPlatforms) = preSolution
		Debug|Win32 = Debug|Win32
		Release|Win32 = Release|Win32
	EndGlobalSection
	GlobalSection(ProjectConfigurationPlatforms) = postSolution
		{CA1DC4B4-550F-4A07-9A33-C59093FA9E20}.Debug|Win32.ActiveCfg = Debug|Win32
		{CA1DC4B4-550F-4A07-9A33-C59093FA9E20}.Debug|Win32.Build.0 = Debug|Win32
		{CA1DC4B4-550F-4A07-9A33-C59093FA9E20}.Release|Win32.ActiveCfg = Release|Win32
		{CA1DC4B4-550F-4A07-9A33-C59093FA9E20}.Release|Win32.Build.0 = Release|Win32
		{186CC885-2C32-4DFE-8312-B9694F27CA36}.Debug|Win32.ActiveCfg = Debug|Win32
		{186CC885-2C32-4DFE-8312-B9694F27CA36}.Debug|Win32.Build.0 = Debug|Win32
		{186CC885-2C32-4DFE-8312-B9694F27CA36}.Release|Win32.ActiveCfg = Release|Win32
		{186CC885-2C32-4DFE-8312-B9694F27CA36}.Release|Win32.Build.0 = Release|Win32
		{BFF9E833-F43D-4B07-BFDE-F6D3B04F88EE}.Debug|Win32.ActiveCfg = Debug|Win32
		{BFF9E833-F43D-4B07-BFDE-F6D3B04F88EE}.Debug|Win32.Build.0 = Debug|Win32
		{BFF9E833-F43D-4B07-BFDE-F6D3B04F88EE}.Release|Win32.ActiveCfg = Release|Win32
		{BFF9E833-F43D-4B07-BFDE-F6D3B04F88EE}.Release|Win32.Build.0 = Release|Win32
		{E4BACBAF-C4E6-4617-B968-EAA23D6D273A}.Debug|Win32.ActiveCfg = Debug|Win32
		{E4BACBAF-C4E6-4617-B968-EAA23D6D273A}.Debug|Win32.Build.0 = Debug|Win32
		{E4BACBAF-C4E6-4617-B968-EAA23D6D273A}.Release|Win32.ActiveCfg = Release|Win32
		{E4BACBAF-C4E6-4617-B968-EAA23D6D273A}.Release|Win32.Build.0 = Release|Win32
		{97C4852D-B967-45CD-886A-7727C8AD832E}.Debug|Win32.ActiveCfg = Debug|Win32
		{97C4852D-B967-45CD-886A-7727C8AD832E}.Debug|Win32.Build.0 = Debug|Win32
		{97C4852D-B967-45CD-886A-7727C8AD832E}.Release|Win32.ActiveCfg = Release|Win32
		{97C4852D-B967-45CD-886A-7727C8AD832E}.Release|Win32.Build.0 = Release|Win32
		{7EB78B08-162F-45C0-8374-8246B335A6BE}.Debug|Win32.ActiveCfg = Debug|Win32
		{7EB78B08-162F-45C0-8374-8246B335A6BE}.Debug|Win32.Build.0 = Debug|Win32
		{7EB78B08-162F-45C0-8374-8246B335A6BE}.Release|Win32.ActiveCfg = Release|Win32
		{7EB78B08-162F-45C0-8374-8246B335A6BE}.Release|Win32.Build.0 = Release|Win32
		{55F0E0EC-EF05-4105-8A5A-BD474B87A5EA}.Debug|Win32.ActiveCfg = Debug|Win32
		{55F0E0EC-EF05-4105-8A5A-BD474B87A5EA}.Debug|Win32.Build.0 = Debug|Win32
		{55F0E0EC-EF05-4105-8A5A-BD474B87A5EA}.Release|Win32.ActiveCfg = Release|Win32
		{55F0E0EC-EF05-4105-8A5A-BD474B87A5EA}.Release|Win32.Build.0 = Release|Win32
		{F246AA31-EDBF-4F7E-B59F-A659283E61A0}.Debug|Win32.ActiveCfg = Debug|Win32
		{F246AA31-EDBF-4F7E-B59F-A659283E61A0}.Debug|Win32.Build.0 = Debug|Win32
		{F246AA31-EDBF-4F7E-B59F-A659283E61A0}.Release|Win32.ActiveCfg = Release|Win32
		{F246AA31-EDBF-4F7E-B59F-A659283E61A0}.Release|Win32.Build.0 = Release|Win32
		{0B0537EB-0E0E-4CA0-B3B9-0184031CB906}.Debug|Win32.ActiveCfg = Debug|Win32
		{0B0537EB-0E0E-4CA0-B3B9-0184031CB906}.Debug|Win32.Build.0 = Debug|Win32
		{0B0537EB-0E0E-4CA0-B3B9-0184031CB906}.Release|Win32.ActiveCfg = Release|Win32
		{0B0537EB-0E0E-4CA0-B3B9-0184031CB906}.Release|Win32.Build.0 = Release|Win32
		{B91092C3-D3B1-40AE-9F38-858903CEE6B0}.Debug|Win32.ActiveCfg = Debug|Win32
		{B91092C3-D3B1-40AE-9F38-858903CEE6B0}.Debug|Win32.Build.0 = Debug|Win32
		{B91092C3-D3B1-40AE-9F38-858903CEE6B0}.Release|Win32.ActiveCfg = Release|Win32
		{B91092C3-D3B1-40AE-9F38-858903CEE6B0}.Release|Win32.Build.0 = Release|Win32
		{E09DA461-322F-4C67-B0CF-59C6CD99ACB8}.Debug|Win32.ActiveCfg = Debug|Win32
		{E09DA461-322F-4C67-B0CF-59C6CD99ACB8}.Debug|Win32.Build.0 = Debug|Win32
		{E09DA461-322F-4C67-B0CF-59C6CD99ACB8}.Release|Win32.ActiveCfg = Release|Win32
		{E09DA461-322F-4C67-B0CF-59C6CD99ACB8}.Release|Win32.Build.0 = Release|Win32
		{7B4ADA71-7C01-488F-AE3D-045F2B5BEAE0}.Debug|Win32.ActiveCfg = Debug|Win32
		{7B4ADA71-7C01-488F-AE3D-045F2B5BEAE0}.Debug|Win32.Build.0 = Debug|Win32
		{7B4ADA71-7C01-488F-AE3D-045F2B5BEAE0}.Release|Win32.ActiveCfg = Release|Win32
		{7B4ADA71-7C01-488F-AE3D-045F2B5BEAE0}.Release|Win32.Build.0 = Release|Win32
		{E9A323C4-7511-4AFA-B46E-A0412D804759}.Debug|Win32.ActiveCfg = Debug|Win32
		{E9A323C4-7511-4AFA-B46E-A0412D804759}.Debug|Win32.Build.0 = Debug|Win32
		{E9A323C4-7511-4AFA-B46E-A0412D804759}.Release|Win32.ActiveCfg = Release|Win32
		{E9A323C4-7511-4AFA-B46E-A0412D804759}.Release|Win32.Build.0 = Release|Win32
		{9EEF3D34-8FD2-4E3C-A528-7183AA157B01}.Debug|Win32.ActiveCfg = Debug|Win32
		{9EEF3D34-8FD2-4E3C-A528-7183AA157B01}.Debug|Win32.Build.0 = Debug|Win32
		{9EEF3D34-8FD2-4E3C-A528-7183AA157B01}.Release|Win32.ActiveCfg = Release|Win32
		{9EEF3D34-8FD2-4E3C-A528-7183AA157B01}.Release|Win32.Build.0 = Release|Win32
		{392DDC67-841A-4BFD-B2E3-0B2527A28486}.Debug|Win32.ActiveCfg = Debug|Win32
		{392DDC67-841A-4BFD-B2E3-0B2527A28486}.Debug|Win32.Build.0 = Debug|Win32
		{392DDC67-841A-4BFD-B2E3-0B2527A28486}.Release|Win32.ActiveCfg = Release|Win32
		{392DDC67-841A-4BFD-B2E3-0B2527A28486}.Release|Win32.Build.0 = Release|Win32
		{6F646A71-38DB-4FE0-A882-541146181D37}.Debug|Win32.ActiveCfg = Debug|Win32
		{6F646A71-38DB-4FE0-A882-541146181D37}.Debug|Win32.Build.0 = Debug|Win32
		{6F646A71-38DB-4FE0-A882-541146181D37}.Release|Win32.ActiveCfg = Release|Win32
		{6F646A71-38DB-4FE0-A882-541146181D37}.Release|Win32.Build.0 = Release|Win32
		{16F8C80F-B2C2-4533-9477-EF41917AF7D8}.Debug|Win32.ActiveCfg = Debug|Win32
		{16F8C80F-B2C2-4533-9477-EF41917AF7D8}.Debug|Win32.Build.0 = Debug|Win32
		{16F8C80F-B2C2-4533-9477-EF41917AF7D8}.Release|Win32.ActiveCfg = Release|Win32
		{16F8C80F-B2C2-4533-9477-EF41917AF7D8}.Release|Win32.Build.0 = Release|Win32
		{D7933D45-E49C-4A55-A1C1-42AFB0654F82}.Debug|Win32.ActiveCfg = Debug|Win32
		{D7933D45-E49C-4A55-A1C1-42AFB0654F82}.Debug|Win32.Build.0 = Debug|Win32
		{D7933D45-E49C-4A55-A1C1-42AFB0654F82}.Release|Win32.ActiveCfg = Release|Win32
		{D7933D45-E49C-4A55-A1C1-42AFB0654F82}.Release|Win32.Build.0 = Release|Win32
		{92AFCB2D-FDB3-4062-9B80-E44C34EAA327}.Debug|Win32.ActiveCfg = Debug|Win32
		{92AFCB2D-FDB3-4062-9B80-E44C34EAA327}.Debug|Win32.Build.0 = Debug|Win32
		{92AFCB2D-FDB3-4062-9B80-E44C34EAA327}.Release|Win32.ActiveCfg = Release|Win32
		{92AFCB2D-FDB3-4062-9B80-E44C34EAA327}.Release|Win32.Build.0 = Release|Win32
		{357D0B2E-F6F0-4352-B4A9-1C9992D021DA}.Debug|Win32.ActiveCfg = Debug|Win32
		{357D0B2E-F6F0-4352-B4A9-1C9992D021DA}.Debug|Win32.Build.0 = Debug|Win32
		{357D0B2E-F6F0-4352-B4A9-1C9992D021DA}.Release|Win32.ActiveCfg = Release|Win32
		{357D0B2E-F6F0-4352-B4A9-1C9992D021DA}.Release|Win32.Build.0 = Release|Win32
		{BA37CB1E-1034-4ECA-A72C-E7DF47DD705E}.Debug|Win32.ActiveCfg = Debug|Win32
		{BA37CB1E-1034-4ECA-A72C-E7DF47DD705E}.Debug|Win32.Build.0 = Debug|Win32
		{BA37CB1E-1034-4ECA-A72C-E7DF47DD705E}.Release|Win32.ActiveCfg = Release|Win32
		{BA37CB1E-1034-4ECA-A72C-E7DF47DD705E}.Release|Win32.Build.0 = Release|Win32
		{8DF8116E-AC3C-4741-824C-02CA06F4F71B}.Debug|Win32.ActiveCfg = Debug|Win32
		{8DF8116E-AC3C-4741-824C-02CA06F4F71B}.Debug|Win32.Build.0 = Debug|Win32
		{8DF8116E-AC3C-4741-824C-02CA06F4F71B}.Release|Win32.ActiveCfg = Release|Win32
		{8DF8116E-AC3C-4741-824C-02CA06F4F71B}.Release|Win32.Build.0 = Release|Win32
		{5F0DC2DF-5231-4D1E-914D-092B0EB3FD7A}.Debug|Win32.ActiveCfg = Debug|Win32
		{5F0DC2DF-5231-4D1E-914D-092B0EB3FD7A}.Debug|Win32.Build.0 = Debug|Win32
		{5F0DC2DF-5231-4D1E-914D-092B0EB3FD7A}.Release|Win32.ActiveCfg = Release|Win32
		{5F0DC2DF-5231-4D1E-914D-092B0EB3FD7A}.Release|Win32.Build.0 = Release|Win32
		{7CB5F413-943E-4D7A-95FC-4C271220A515}.Debug|Win32.ActiveCfg = Debug|Win32
		{7CB5F413-943E-4D7A-95FC-4C271220A515}.Debug|Win32.Build.0 = Debug|Win32
		{7CB5F413-943E-4D7A-95FC-4C271220A515}.Release|Win32.ActiveCfg = Release|Win32
		{7CB5F413-943E-4D7A-95FC-4C271220A515}.Release|Win32.Build.0 = Release|Win32
		{D609096F-9CB4-489D-9075-F6A3D4E2081F}.Debug|Win32.ActiveCfg = Debug|Win32
		{D609096F-9CB4-489D-9075-F6A3D4E2081F}.Debug|Win32.Build.0 = Debug|Win32
		{D609096F-9CB4-489D-9075-F6A3D4E2081F}.Release|Win32.ActiveCfg = Release|Win32
		{D609096F-9CB4-489D-9075-F6A3D4E2081F}.Release|Win32.Build.0 = Release|Win32
		{A382E4AC-306B-48D1-895F-AA0177578054}.Debug|Win32.ActiveCfg = Debug|Win32
		{A382E4AC-306B-48D1-895F-AA0177578054}.Debug|Win32.Build.0 = Debug|Win32
		{A382E4AC-306B-48D1-895F-AA0177578054}.Release|Win32.ActiveCfg = Release|Win32
		{A382E4AC-306B-48D1-895F-AA0177578054}.Release|Win32.Build.0 = Release|Win32
		{E88A6E73-F3BE-4EF8-B8A1-233F02766901}.Debug|Win32.ActiveCfg = Debug|Win32
		{E88A6E73-F3BE-4EF8-B8A1-233F02766901}.Debug|Win32.Build.0 = Debug|Win32
		{E88A6E73-F3BE-4EF8-B8A1-233F02766901}.Release|Win32.ActiveCfg = Release|Win32
		{E88A6E73-F3BE-4EF8-B8A1-233F02766901}.Release|Win32.Build.0 = Release|Win32
		{AC42CCE2-D484-4891-AF43-E4AD93517DBB}.Debug|Win32.ActiveCfg = Debug|Win32
		{AC42CCE2-D484-4891-AF43-E4AD93517DBB}.Debug|Win32.Build.0 = Debug|Win32
		{AC42CCE2-D484-4891-AF43-E4AD93517DBB}.Release|Win32.ActiveCfg = Release|Win32
		{AC42CCE2-D484-4891-AF43-E4AD93517DBB}.Release|Win32.Build.0 = Release|Win32
		{09CF9DA4-9695-44EE-B2EC-4889F20E052D}.Debug|Win32.ActiveCfg = Debug|Win32
		{09CF9DA4-9695-44EE-B2EC-4889F20E052D}.Debug|Win32.Build.0 = Debug|Win32
		{09CF9DA4-9695-44EE-B2EC-4889F20E052D}.Release|Win32.ActiveCfg = Release|Win32
		{09CF9DA4-9695-44EE-B2EC-4889F20E052D}.Release|Win32.Build.0 = Release|Win32
		{AF19DAC4-5B05-4DAD-A5B5-E3430486E54C}.Debug|Win32.ActiveCfg = Debug|Win32
		{AF19DAC4-5B05-4DAD-A5B5-E3430486E54C}.Debug|Win32.Build.0 = Debug|Win32
		{AF19DAC4-5B05-4DAD-A5B5-E3430486E54C}.Release|Win32.ActiveCfg = Release|Win32
		{AF19DAC4-5B05-4DAD-A5B5-E3430486E54C}.Release|Win32.Build.0 = Release|Win32
		{F4D7880B-AB7B-4B40-9B59-06DCFA315AC7}.Debug|Win32.ActiveCfg = Debug|Win32
		{F4D7880B-AB7B-4B40-9B59-06DCFA315AC7}.Debug|Win32.Build.0 = Debug|Win32
		{F4D7880B-AB7B-4B40-9B59-06DCFA315AC7}.Release|Win32.ActiveCfg = Release|Win32
		{F4D7880B-AB7B-4B40-9B59-06DCFA315AC7}.Release|Win32.Build.0 = Release|Win32
		{D3C6A628-20AF-4F3E-9CAC-E6C52E7CF162}.Debug|Win32.ActiveCfg = Debug|Win32
		{D3C6A628-20AF-4F3E-9CAC-E6C52E7CF162}.Debug|Win32.Build.0 = Debug|Win32
		{D3C6A628-20AF-4F3E-9CAC-E6C52E7CF162}.Release|Win32.ActiveCfg = Release|Win32
		{D3C6A628-20AF-4F3E-9CAC-E6C52E7CF162}.Release|Win32.Build.0 = Release|Win32
		{77FA8FD7-F955-49C5-A128-8D9C201A94A3}.Debug|Win32.ActiveCfg = Debug|Win32
		{77FA8FD7-F955-49C5-A128-8D9C201A94A3}.Debug|Win32.Build.0 = Debug|Win32
		{77FA8FD7-F955-49C5-A128-8D9C201A94A3}.Release|Win32.ActiveCfg = Release|Win32
		{77FA8FD7-F955-49C5-A128-8D9C201A94A3}.Release|Win32.Build.0 = Release|Win32
	EndGlobalSection
	GlobalSection(SolutionProperties) = preSolution
		HideSolutionNode = FALSE
	EndGlobalSection
EndGlobal
